
Microsoft Visual Studio Solution File, Format Version 12.00
# Visual Studio Version 17
VisualStudioVersion = 17.0.31903.59
MinimumVisualStudioVersion = 10.0.40219.1
Project("{FAE04EC0-301F-11D3-BF4B-00C04F79EFBC}") = "Soft", "Soft\Soft.csproj", "{B577282D-77A4-49AF-AA20-5B69EAB3EEF8}"
EndProject
Project("{FAE04EC0-301F-11D3-BF4B-00C04F79EFBC}") = "Aids", "Aids\Aids.csproj", "{AA83A774-4CFD-4A8E-8D9A-CD44F4EEEBD8}"
EndProject
Project("{FAE04EC0-301F-11D3-BF4B-00C04F79EFBC}") = "Core", "Core\Core.csproj", "{DC22FB6B-8351-4258-B9E4-DCA1EC58B50F}"
EndProject
Project("{FAE04EC0-301F-11D3-BF4B-00C04F79EFBC}") = "Domain", "Domain\Domain.csproj", "{DEC654A5-3AC5-4F15-8452-DAC289ED2485}"
EndProject
Project("{FAE04EC0-301F-11D3-BF4B-00C04F79EFBC}") = "Infra", "Infra\Infra.csproj", "{2820383B-E2FE-45D0-A570-BFC3FB3610BF}"
EndProject
Project("{FAE04EC0-301F-11D3-BF4B-00C04F79EFBC}") = "Data", "Data\Data.csproj", "{5A270A51-BFDB-4EDB-A6A7-049EADCC7B0E}"
EndProject
Project("{FAE04EC0-301F-11D3-BF4B-00C04F79EFBC}") = "Facade", "Facade\Facade.csproj", "{9DC899D0-2AB1-476F-8041-B30481D5E84B}"
EndProject
Project("{FAE04EC0-301F-11D3-BF4B-00C04F79EFBC}") = "Tests", "Tests\Tests.csproj", "{9CF47860-2CEA-F379-09D8-9AEF27965D12}"
EndProject
Global
	GlobalSection(SolutionConfigurationPlatforms) = preSolution
		Debug|Any CPU = Debug|Any CPU
		Debug|x64 = Debug|x64
		Debug|x86 = Debug|x86
		Release|Any CPU = Release|Any CPU
		Release|x64 = Release|x64
		Release|x86 = Release|x86
	EndGlobalSection
	GlobalSection(ProjectConfigurationPlatforms) = postSolution
		{B577282D-77A4-49AF-AA20-5B69EAB3EEF8}.Debug|Any CPU.ActiveCfg = Debug|Any CPU
		{B577282D-77A4-49AF-AA20-5B69EAB3EEF8}.Debug|Any CPU.Build.0 = Debug|Any CPU
		{B577282D-77A4-49AF-AA20-5B69EAB3EEF8}.Debug|x64.ActiveCfg = Debug|Any CPU
		{B577282D-77A4-49AF-AA20-5B69EAB3EEF8}.Debug|x64.Build.0 = Debug|Any CPU
		{B577282D-77A4-49AF-AA20-5B69EAB3EEF8}.Debug|x86.ActiveCfg = Debug|Any CPU
		{B577282D-77A4-49AF-AA20-5B69EAB3EEF8}.Debug|x86.Build.0 = Debug|Any CPU
		{B577282D-77A4-49AF-AA20-5B69EAB3EEF8}.Release|Any CPU.ActiveCfg = Release|Any CPU
		{B577282D-77A4-49AF-AA20-5B69EAB3EEF8}.Release|Any CPU.Build.0 = Release|Any CPU
		{B577282D-77A4-49AF-AA20-5B69EAB3EEF8}.Release|x64.ActiveCfg = Release|Any CPU
		{B577282D-77A4-49AF-AA20-5B69EAB3EEF8}.Release|x64.Build.0 = Release|Any CPU
		{B577282D-77A4-49AF-AA20-5B69EAB3EEF8}.Release|x86.ActiveCfg = Release|Any CPU
		{B577282D-77A4-49AF-AA20-5B69EAB3EEF8}.Release|x86.Build.0 = Release|Any CPU
		{AA83A774-4CFD-4A8E-8D9A-CD44F4EEEBD8}.Debug|Any CPU.ActiveCfg = Debug|Any CPU
		{AA83A774-4CFD-4A8E-8D9A-CD44F4EEEBD8}.Debug|Any CPU.Build.0 = Debug|Any CPU
		{AA83A774-4CFD-4A8E-8D9A-CD44F4EEEBD8}.Debug|x64.ActiveCfg = Debug|Any CPU
		{AA83A774-4CFD-4A8E-8D9A-CD44F4EEEBD8}.Debug|x64.Build.0 = Debug|Any CPU
		{AA83A774-4CFD-4A8E-8D9A-CD44F4EEEBD8}.Debug|x86.ActiveCfg = Debug|Any CPU
		{AA83A774-4CFD-4A8E-8D9A-CD44F4EEEBD8}.Debug|x86.Build.0 = Debug|Any CPU
		{AA83A774-4CFD-4A8E-8D9A-CD44F4EEEBD8}.Release|Any CPU.ActiveCfg = Release|Any CPU
		{AA83A774-4CFD-4A8E-8D9A-CD44F4EEEBD8}.Release|Any CPU.Build.0 = Release|Any CPU
		{AA83A774-4CFD-4A8E-8D9A-CD44F4EEEBD8}.Release|x64.ActiveCfg = Release|Any CPU
		{AA83A774-4CFD-4A8E-8D9A-CD44F4EEEBD8}.Release|x64.Build.0 = Release|Any CPU
		{AA83A774-4CFD-4A8E-8D9A-CD44F4EEEBD8}.Release|x86.ActiveCfg = Release|Any CPU
		{AA83A774-4CFD-4A8E-8D9A-CD44F4EEEBD8}.Release|x86.Build.0 = Release|Any CPU
		{DC22FB6B-8351-4258-B9E4-DCA1EC58B50F}.Debug|Any CPU.ActiveCfg = Debug|Any CPU
		{DC22FB6B-8351-4258-B9E4-DCA1EC58B50F}.Debug|Any CPU.Build.0 = Debug|Any CPU
		{DC22FB6B-8351-4258-B9E4-DCA1EC58B50F}.Debug|x64.ActiveCfg = Debug|Any CPU
		{DC22FB6B-8351-4258-B9E4-DCA1EC58B50F}.Debug|x64.Build.0 = Debug|Any CPU
		{DC22FB6B-8351-4258-B9E4-DCA1EC58B50F}.Debug|x86.ActiveCfg = Debug|Any CPU
		{DC22FB6B-8351-4258-B9E4-DCA1EC58B50F}.Debug|x86.Build.0 = Debug|Any CPU
		{DC22FB6B-8351-4258-B9E4-DCA1EC58B50F}.Release|Any CPU.ActiveCfg = Release|Any CPU
		{DC22FB6B-8351-4258-B9E4-DCA1EC58B50F}.Release|Any CPU.Build.0 = Release|Any CPU
		{DC22FB6B-8351-4258-B9E4-DCA1EC58B50F}.Release|x64.ActiveCfg = Release|Any CPU
		{DC22FB6B-8351-4258-B9E4-DCA1EC58B50F}.Release|x64.Build.0 = Release|Any CPU
		{DC22FB6B-8351-4258-B9E4-DCA1EC58B50F}.Release|x86.ActiveCfg = Release|Any CPU
		{DC22FB6B-8351-4258-B9E4-DCA1EC58B50F}.Release|x86.Build.0 = Release|Any CPU
		{DEC654A5-3AC5-4F15-8452-DAC289ED2485}.Debug|Any CPU.ActiveCfg = Debug|Any CPU
		{DEC654A5-3AC5-4F15-8452-DAC289ED2485}.Debug|Any CPU.Build.0 = Debug|Any CPU
		{DEC654A5-3AC5-4F15-8452-DAC289ED2485}.Debug|x64.ActiveCfg = Debug|Any CPU
		{DEC654A5-3AC5-4F15-8452-DAC289ED2485}.Debug|x64.Build.0 = Debug|Any CPU
		{DEC654A5-3AC5-4F15-8452-DAC289ED2485}.Debug|x86.ActiveCfg = Debug|Any CPU
		{DEC654A5-3AC5-4F15-8452-DAC289ED2485}.Debug|x86.Build.0 = Debug|Any CPU
		{DEC654A5-3AC5-4F15-8452-DAC289ED2485}.Release|Any CPU.ActiveCfg = Release|Any CPU
		{DEC654A5-3AC5-4F15-8452-DAC289ED2485}.Release|Any CPU.Build.0 = Release|Any CPU
		{DEC654A5-3AC5-4F15-8452-DAC289ED2485}.Release|x64.ActiveCfg = Release|Any CPU
		{DEC654A5-3AC5-4F15-8452-DAC289ED2485}.Release|x64.Build.0 = Release|Any CPU
		{DEC654A5-3AC5-4F15-8452-DAC289ED2485}.Release|x86.ActiveCfg = Release|Any CPU
		{DEC654A5-3AC5-4F15-8452-DAC289ED2485}.Release|x86.Build.0 = Release|Any CPU
		{2820383B-E2FE-45D0-A570-BFC3FB3610BF}.Debug|Any CPU.ActiveCfg = Debug|Any CPU
		{2820383B-E2FE-45D0-A570-BFC3FB3610BF}.Debug|Any CPU.Build.0 = Debug|Any CPU
		{2820383B-E2FE-45D0-A570-BFC3FB3610BF}.Debug|x64.ActiveCfg = Debug|Any CPU
		{2820383B-E2FE-45D0-A570-BFC3FB3610BF}.Debug|x64.Build.0 = Debug|Any CPU
		{2820383B-E2FE-45D0-A570-BFC3FB3610BF}.Debug|x86.ActiveCfg = Debug|Any CPU
		{2820383B-E2FE-45D0-A570-BFC3FB3610BF}.Debug|x86.Build.0 = Debug|Any CPU
		{2820383B-E2FE-45D0-A570-BFC3FB3610BF}.Release|Any CPU.ActiveCfg = Release|Any CPU
		{2820383B-E2FE-45D0-A570-BFC3FB3610BF}.Release|Any CPU.Build.0 = Release|Any CPU
		{2820383B-E2FE-45D0-A570-BFC3FB3610BF}.Release|x64.ActiveCfg = Release|Any CPU
		{2820383B-E2FE-45D0-A570-BFC3FB3610BF}.Release|x64.Build.0 = Release|Any CPU
		{2820383B-E2FE-45D0-A570-BFC3FB3610BF}.Release|x86.ActiveCfg = Release|Any CPU
		{2820383B-E2FE-45D0-A570-BFC3FB3610BF}.Release|x86.Build.0 = Release|Any CPU
		{5A270A51-BFDB-4EDB-A6A7-049EADCC7B0E}.Debug|Any CPU.ActiveCfg = Debug|Any CPU
		{5A270A51-BFDB-4EDB-A6A7-049EADCC7B0E}.Debug|Any CPU.Build.0 = Debug|Any CPU
		{5A270A51-BFDB-4EDB-A6A7-049EADCC7B0E}.Debug|x64.ActiveCfg = Debug|Any CPU
		{5A270A51-BFDB-4EDB-A6A7-049EADCC7B0E}.Debug|x64.Build.0 = Debug|Any CPU
		{5A270A51-BFDB-4EDB-A6A7-049EADCC7B0E}.Debug|x86.ActiveCfg = Debug|Any CPU
		{5A270A51-BFDB-4EDB-A6A7-049EADCC7B0E}.Debug|x86.Build.0 = Debug|Any CPU
		{5A270A51-BFDB-4EDB-A6A7-049EADCC7B0E}.Release|Any CPU.ActiveCfg = Release|Any CPU
		{5A270A51-BFDB-4EDB-A6A7-049EADCC7B0E}.Release|Any CPU.Build.0 = Release|Any CPU
		{5A270A51-BFDB-4EDB-A6A7-049EADCC7B0E}.Release|x64.ActiveCfg = Release|Any CPU
		{5A270A51-BFDB-4EDB-A6A7-049EADCC7B0E}.Release|x64.Build.0 = Release|Any CPU
		{5A270A51-BFDB-4EDB-A6A7-049EADCC7B0E}.Release|x86.ActiveCfg = Release|Any CPU
		{5A270A51-BFDB-4EDB-A6A7-049EADCC7B0E}.Release|x86.Build.0 = Release|Any CPU
		{9DC899D0-2AB1-476F-8041-B30481D5E84B}.Debug|Any CPU.ActiveCfg = Debug|Any CPU
		{9DC899D0-2AB1-476F-8041-B30481D5E84B}.Debug|Any CPU.Build.0 = Debug|Any CPU
		{9DC899D0-2AB1-476F-8041-B30481D5E84B}.Debug|x64.ActiveCfg = Debug|Any CPU
		{9DC899D0-2AB1-476F-8041-B30481D5E84B}.Debug|x64.Build.0 = Debug|Any CPU
		{9DC899D0-2AB1-476F-8041-B30481D5E84B}.Debug|x86.ActiveCfg = Debug|Any CPU
		{9DC899D0-2AB1-476F-8041-B30481D5E84B}.Debug|x86.Build.0 = Debug|Any CPU
		{9DC899D0-2AB1-476F-8041-B30481D5E84B}.Release|Any CPU.ActiveCfg = Release|Any CPU
		{9DC899D0-2AB1-476F-8041-B30481D5E84B}.Release|Any CPU.Build.0 = Release|Any CPU
		{9DC899D0-2AB1-476F-8041-B30481D5E84B}.Release|x64.ActiveCfg = Release|Any CPU
		{9DC899D0-2AB1-476F-8041-B30481D5E84B}.Release|x64.Build.0 = Release|Any CPU
		{9DC899D0-2AB1-476F-8041-B30481D5E84B}.Release|x86.ActiveCfg = Release|Any CPU
		{9DC899D0-2AB1-476F-8041-B30481D5E84B}.Release|x86.Build.0 = Release|Any CPU
		{9CF47860-2CEA-F379-09D8-9AEF27965D12}.Debug|Any CPU.ActiveCfg = Debug|Any CPU
		{9CF47860-2CEA-F379-09D8-9AEF27965D12}.Debug|Any CPU.Build.0 = Debug|Any CPU
		{9CF47860-2CEA-F379-09D8-9AEF27965D12}.Debug|x64.ActiveCfg = Debug|Any CPU
		{9CF47860-2CEA-F379-09D8-9AEF27965D12}.Debug|x64.Build.0 = Debug|Any CPU
		{9CF47860-2CEA-F379-09D8-9AEF27965D12}.Debug|x86.ActiveCfg = Debug|Any CPU
		{9CF47860-2CEA-F379-09D8-9AEF27965D12}.Debug|x86.Build.0 = Debug|Any CPU
		{9CF47860-2CEA-F379-09D8-9AEF27965D12}.Release|Any CPU.ActiveCfg = Release|Any CPU
		{9CF47860-2CEA-F379-09D8-9AEF27965D12}.Release|Any CPU.Build.0 = Release|Any CPU
		{9CF47860-2CEA-F379-09D8-9AEF27965D12}.Release|x64.ActiveCfg = Release|Any CPU
		{9CF47860-2CEA-F379-09D8-9AEF27965D12}.Release|x64.Build.0 = Release|Any CPU
		{9CF47860-2CEA-F379-09D8-9AEF27965D12}.Release|x86.ActiveCfg = Release|Any CPU
		{9CF47860-2CEA-F379-09D8-9AEF27965D12}.Release|x86.Build.0 = Release|Any CPU
	EndGlobalSection
	GlobalSection(SolutionProperties) = preSolution
		HideSolutionNode = FALSE
	EndGlobalSection
	GlobalSection(ExtensibilityGlobals) = postSolution
		SolutionGuid = {60955B6F-FABC-430D-8FDF-07783BA11538}
	EndGlobalSection
EndGlobal
